
Microsoft Visual Studio Solution File, Format Version 12.00
# Visual Studio Version 17
VisualStudioVersion = 17.0.32002.185
MinimumVisualStudioVersion = 10.0.40219.1
Project("{FAE04EC0-301F-11D3-BF4B-00C04F79EFBC}") = "RestricoesGenerics", "RestricoesGenerics.csproj", "{BF02509F-1A38-471E-B2E8-D988C3A81393}"
EndProject
Global
	GlobalSection(SolutionConfigurationPlatforms) = preSolution
		Debug|Any CPU = Debug|Any CPU
		Release|Any CPU = Release|Any CPU
	EndGlobalSection
	GlobalSection(ProjectConfigurationPlatforms) = postSolution
		{BF02509F-1A38-471E-B2E8-D988C3A81393}.Debug|Any CPU.ActiveCfg = Debug|Any CPU
		{BF02509F-1A38-471E-B2E8-D988C3A81393}.Debug|Any CPU.Build.0 = Debug|Any CPU
		{BF02509F-1A38-471E-B2E8-D988C3A81393}.Release|Any CPU.ActiveCfg = Release|Any CPU
		{BF02509F-1A38-471E-B2E8-D988C3A81393}.Release|Any CPU.Build.0 = Release|Any CPU
	EndGlobalSection
	GlobalSection(SolutionProperties) = preSolution
		HideSolutionNode = FALSE
	EndGlobalSection
	GlobalSection(ExtensibilityGlobals) = postSolution
		SolutionGuid = {80A00162-0AEF-44F4-AE41-20BB90EAEADC}
	EndGlobalSection
EndGlobal
